
Microsoft Visual Studio Solution File, Format Version 12.00
# Visual Studio Version 17
VisualStudioVersion = 17.7.34221.43
MinimumVisualStudioVersion = 10.0.40219.1
Project("{FAE04EC0-301F-11D3-BF4B-00C04F79EFBC}") = "PointMatchTest", "OxyPlotTest\PointMatchTest.csproj", "{BA4A2A1C-01D8-4C69-9AB0-B9F221D91288}"
EndProject
Global
	GlobalSection(SolutionConfigurationPlatforms) = preSolution
		Debug|Any CPU = Debug|Any CPU
		Release|Any CPU = Release|Any CPU
	EndGlobalSection
	GlobalSection(ProjectConfigurationPlatforms) = postSolution
		{BA4A2A1C-01D8-4C69-9AB0-B9F221D91288}.Debug|Any CPU.ActiveCfg = Debug|Any CPU
		{BA4A2A1C-01D8-4C69-9AB0-B9F221D91288}.Debug|Any CPU.Build.0 = Debug|Any CPU
		{BA4A2A1C-01D8-4C69-9AB0-B9F221D91288}.Release|Any CPU.ActiveCfg = Release|Any CPU
		{BA4A2A1C-01D8-4C69-9AB0-B9F221D91288}.Release|Any CPU.Build.0 = Release|Any CPU
	EndGlobalSection
	GlobalSection(SolutionProperties) = preSolution
		HideSolutionNode = FALSE
	EndGlobalSection
	GlobalSection(ExtensibilityGlobals) = postSolution
		SolutionGuid = {CC5090B7-92CE-4DC0-A660-39B30C89A67F}
	EndGlobalSection
EndGlobal
